
Microsoft Visual Studio Solution File, Format Version 11.00
# Visual Studio Version 18

Project("{8BC9CEB8-8B4A-11D0-8D11-00A0C91BC942}") = "L6UI-win - App", "L6UI-win_App.vcxproj", "{BEA0A734-99F4-DC8A-19EC-9116DCD0C1EF}"
EndProject
Global
	GlobalSection(SolutionConfigurationPlatforms) = preSolution
		Debug|x64 = Debug|x64
		Release|x64 = Release|x64
	EndGlobalSection
	GlobalSection(ProjectConfigurationPlatforms) = postSolution
		{BEA0A734-99F4-DC8A-19EC-9116DCD0C1EF}.Debug|x64.ActiveCfg = Debug|x64
		{BEA0A734-99F4-DC8A-19EC-9116DCD0C1EF}.Debug|x64.Build.0 = Debug|x64
		{BEA0A734-99F4-DC8A-19EC-9116DCD0C1EF}.Release|x64.ActiveCfg = Release|x64
		{BEA0A734-99F4-DC8A-19EC-9116DCD0C1EF}.Release|x64.Build.0 = Release|x64
	EndGlobalSection
	GlobalSection(SolutionProperties) = preSolution
		HideSolutionNode = FALSE
	EndGlobalSection
EndGlobal
