<?xml version="1.0" encoding="UTF-8"?>

<Project ToolsVersion="17.0" xmlns="http://schemas.microsoft.com/developer/msbuild/2003">
  <ItemGroup>
    <Filter Include="L6UI\Source">
      <UniqueIdentifier>{803A75FD-5BC9-2499-C42E-444BD1D02552}</UniqueIdentifier>
    </Filter>
    <Filter Include="L6UI">
      <UniqueIdentifier>{8EF46593-1B86-8660-62CC-8B10497680B4}</UniqueIdentifier>
    </Filter>
  </ItemGroup>
  <ItemGroup>
    <ResourceCompile Include=".\resources.rc">
      <Filter>JUCE Library Code</Filter>
    </ResourceCompile>
  </ItemGroup>
</Project>
